// !$*UTF8*$!
{
	archiveVersion = 1;
	classes = {
	};
	objectVersion = 56;
	objects = {

/* Begin PBXBuildFile section */
		CDC910E22B90C9CC00CC132A /* SideMenueApp.swift in Sources */ = {isa = PBXBuildFile; fileRef = CDC910E12B90C9CC00CC132A /* SideMenueApp.swift */; };
		CDC910E42B90C9CC00CC132A /* ContentView.swift in Sources */ = {isa = PBXBuildFile; fileRef = CDC910E32B90C9CC00CC132A /* ContentView.swift */; };
		CDC910E62B90C9CE00CC132A /* Assets.xcassets in Resources */ = {isa = PBXBuildFile; fileRef = CDC910E52B90C9CE00CC132A /* Assets.xcassets */; };
		CDC910E92B90C9CE00CC132A /* Preview Assets.xcassets in Resources */ = {isa = PBXBuildFile; fileRef = CDC910E82B90C9CE00CC132A /* Preview Assets.xcassets */; };
		CDC910F02B90CD8200CC132A /* SideMenueView.swift in Sources */ = {isa = PBXBuildFile; fileRef = CDC910EF2B90CD8200CC132A /* SideMenueView.swift */; };
		CDC910F22B90CF9600CC132A /* SideMenueHeaderView.swift in Sources */ = {isa = PBXBuildFile; fileRef = CDC910F12B90CF9600CC132A /* SideMenueHeaderView.swift */; };
		CDC910F42B90D93A00CC132A /* SideMenueRowView.swift in Sources */ = {isa = PBXBuildFile; fileRef = CDC910F32B90D93A00CC132A /* SideMenueRowView.swift */; };
		CDC910F62B90E99B00CC132A /* SideMenueOptionModel.swift in Sources */ = {isa = PBXBuildFile; fileRef = CDC910F52B90E99B00CC132A /* SideMenueOptionModel.swift */; };
/* End PBXBuildFile section */

/* Begin PBXFileReference section */
		CDC910DE2B90C9CC00CC132A /* SideMenue.app */ = {isa = PBXFileReference; explicitFileType = wrapper.application; includeInIndex = 0; path = SideMenue.app; sourceTree = BUILT_PRODUCTS_DIR; };
		CDC910E12B90C9CC00CC132A /* SideMenueApp.swift */ = {isa = PBXFileReference; lastKnownFileType = sourcecode.swift; path = SideMenueApp.swift; sourceTree = "<group>"; };
		CDC910E32B90C9CC00CC132A /* ContentView.swift */ = {isa = PBXFileReference; lastKnownFileType = sourcecode.swift; path = ContentView.swift; sourceTree = "<group>"; };
		CDC910E52B90C9CE00CC132A /* Assets.xcassets */ = {isa = PBXFileReference; lastKnownFileType = folder.assetcatalog; path = Assets.xcassets; sourceTree = "<group>"; };
		CDC910E82B90C9CE00CC132A /* Preview Assets.xcassets */ = {isa = PBXFileReference; lastKnownFileType = folder.assetcatalog; path = "Preview Assets.xcassets"; sourceTree = "<group>"; };
		CDC910EF2B90CD8200CC132A /* SideMenueView.swift */ = {isa = PBXFileReference; lastKnownFileType = sourcecode.swift; path = SideMenueView.swift; sourceTree = "<group>"; };
		CDC910F12B90CF9600CC132A /* SideMenueHeaderView.swift */ = {isa = PBXFileReference; lastKnownFileType = sourcecode.swift; path = SideMenueHeaderView.swift; sourceTree = "<group>"; };
		CDC910F32B90D93A00CC132A /* SideMenueRowView.swift */ = {isa = PBXFileReference; lastKnownFileType = sourcecode.swift; path = SideMenueRowView.swift; sourceTree = "<group>"; };
		CDC910F52B90E99B00CC132A /* SideMenueOptionModel.swift */ = {isa = PBXFileReference; lastKnownFileType = sourcecode.swift; path = SideMenueOptionModel.swift; sourceTree = "<group>"; };
/* End PBXFileReference section */

/* Begin PBXFrameworksBuildPhase section */
		CDC910DB2B90C9CC00CC132A /* Frameworks */ = {
			isa = PBXFrameworksBuildPhase;
			buildActionMask = 2147483647;
			files = (
			);
			runOnlyForDeploymentPostprocessing = 0;
		};
/* End PBXFrameworksBuildPhase section */

/* Begin PBXGroup section */
		CDC910D52B90C9CC00CC132A = {
			isa = PBXGroup;
			children = (
				CDC910E02B90C9CC00CC132A /* SideMenue */,
				CDC910DF2B90C9CC00CC132A /* Products */,
			);
			sourceTree = "<group>";
		};
		CDC910DF2B90C9CC00CC132A /* Products */ = {
			isa = PBXGroup;
			children = (
				CDC910DE2B90C9CC00CC132A /* SideMenue.app */,
			);
			name = Products;
			sourceTree = "<group>";
		};
		CDC910E02B90C9CC00CC132A /* SideMenue */ = {
			isa = PBXGroup;
			children = (
				CDC910E12B90C9CC00CC132A /* SideMenueApp.swift */,
				CDC910E32B90C9CC00CC132A /* ContentView.swift */,
				CDC910E52B90C9CE00CC132A /* Assets.xcassets */,
				CDC910E72B90C9CE00CC132A /* Preview Content */,
				CDC910EF2B90CD8200CC132A /* SideMenueView.swift */,
				CDC910F12B90CF9600CC132A /* SideMenueHeaderView.swift */,
				CDC910F32B90D93A00CC132A /* SideMenueRowView.swift */,
				CDC910F52B90E99B00CC132A /* SideMenueOptionModel.swift */,
			);
			path = SideMenue;
			sourceTree = "<group>";
		};
		CDC910E72B90C9CE00CC132A /* Preview Content */ = {
			isa = PBXGroup;
			children = (
				CDC910E82B90C9CE00CC132A /* Preview Assets.xcassets */,
			);
			path = "Preview Content";
			sourceTree = "<group>";
		};
/* End PBXGroup section */

/* Begin PBXNativeTarget section */
		CDC910DD2B90C9CC00CC132A /* SideMenue */ = {
			isa = PBXNativeTarget;
			buildConfigurationList = CDC910EC2B90C9CE00CC132A /* Build configuration list for PBXNativeTarget "SideMenue" */;
			buildPhases = (
				CDC910DA2B90C9CC00CC132A /* Sources */,
				CDC910DB2B90C9CC00CC132A /* Frameworks */,
				CDC910DC2B90C9CC00CC132A /* Resources */,
			);
			buildRules = (
			);
			dependencies = (
			);
			name = SideMenue;
			productName = SideMenue;
			productReference = CDC910DE2B90C9CC00CC132A /* SideMenue.app */;
			productType = "com.apple.product-type.application";
		};
/* End PBXNativeTarget section */

/* Begin PBXProject section */
		CDC910D62B90C9CC00CC132A /* Project object */ = {
			isa = PBXProject;
			attributes = {
				BuildIndependentTargetsInParallel = 1;
				LastSwiftUpdateCheck = 1520;
				LastUpgradeCheck = 1520;
				TargetAttributes = {
					CDC910DD2B90C9CC00CC132A = {
						CreatedOnToolsVersion = 15.2;
					};
				};
			};
			buildConfigurationList = CDC910D92B90C9CC00CC132A /* Build configuration list for PBXProject "SideMenue" */;
			compatibilityVersion = "Xcode 14.0";
			developmentRegion = en;
			hasScannedForEncodings = 0;
			knownRegions = (
				en,
				Base,
			);
			mainGroup = CDC910D52B90C9CC00CC132A;
			productRefGroup = CDC910DF2B90C9CC00CC132A /* Products */;
			projectDirPath = "";
			projectRoot = "";
			targets = (
				CDC910DD2B90C9CC00CC132A /* SideMenue */,
			);
		};
/* End PBXProject section */

/* Begin PBXResourcesBuildPhase section */
		CDC910DC2B90C9CC00CC132A /* Resources */ = {
			isa = PBXResourcesBuildPhase;
			buildActionMask = 2147483647;
			files = (
				CDC910E92B90C9CE00CC132A /* Preview Assets.xcassets in Resources */,
				CDC910E62B90C9CE00CC132A /* Assets.xcassets in Resources */,
			);
			runOnlyForDeploymentPostprocessing = 0;
		};
/* End PBXResourcesBuildPhase section */

/* Begin PBXSourcesBuildPhase section */
		CDC910DA2B90C9CC00CC132A /* Sources */ = {
			isa = PBXSourcesBuildPhase;
			buildActionMask = 2147483647;
			files = (
				CDC910F42B90D93A00CC132A /* SideMenueRowView.swift in Sources */,
				CDC910F02B90CD8200CC132A /* SideMenueView.swift in Sources */,
				CDC910E42B90C9CC00CC132A /* ContentView.swift in Sources */,
				CDC910E22B90C9CC00CC132A /* SideMenueApp.swift in Sources */,
				CDC910F62B90E99B00CC132A /* SideMenueOptionModel.swift in Sources */,
				CDC910F22B90CF9600CC132A /* SideMenueHeaderView.swift in Sources */,
			);
			runOnlyForDeploymentPostprocessing = 0;
		};
/* End PBXSourcesBuildPhase section */

/* Begin XCBuildConfiguration section */
		CDC910EA2B90C9CE00CC132A /* Debug */ = {
			isa = XCBuildConfiguration;
			buildSettings = {
				ALWAYS_SEARCH_USER_PATHS = NO;
				ASSETCATALOG_COMPILER_GENERATE_SWIFT_ASSET_SYMBOL_EXTENSIONS = YES;
				CLANG_ANALYZER_NONNULL = YES;
				CLANG_ANALYZER_NUMBER_OBJECT_CONVERSION = YES_AGGRESSIVE;
				CLANG_CXX_LANGUAGE_STANDARD = "gnu++20";
				CLANG_ENABLE_MODULES = YES;
				CLANG_ENABLE_OBJC_ARC = YES;
				CLANG_ENABLE_OBJC_WEAK = YES;
				CLANG_WARN_BLOCK_CAPTURE_AUTORELEASING = YES;
				CLANG_WARN_BOOL_CONVERSION = YES;
				CLANG_WARN_COMMA = YES;
				CLANG_WARN_CONSTANT_CONVERSION = YES;
				CLANG_WARN_DEPRECATED_OBJC_IMPLEMENTATIONS = YES;
				CLANG_WARN_DIRECT_OBJC_ISA_USAGE = YES_ERROR;
				CLANG_WARN_DOCUMENTATION_COMMENTS = YES;
				CLANG_WARN_EMPTY_BODY = YES;
				CLANG_WARN_ENUM_CONVERSION = YES;
				CLANG_WARN_INFINITE_RECURSION = YES;
				CLANG_WARN_INT_CONVERSION = YES;
				CLANG_WARN_NON_LITERAL_NULL_CONVERSION = YES;
				CLANG_WARN_OBJC_IMPLICIT_RETAIN_SELF = YES;
				CLANG_WARN_OBJC_LITERAL_CONVERSION = YES;
				CLANG_WARN_OBJC_ROOT_CLASS = YES_ERROR;
				CLANG_WARN_QUOTED_INCLUDE_IN_FRAMEWORK_HEADER = YES;
				CLANG_WARN_RANGE_LOOP_ANALYSIS = YES;
				CLANG_WARN_STRICT_PROTOTYPES = YES;
				CLANG_WARN_SUSPICIOUS_MOVE = YES;
				CLANG_WARN_UNGUARDED_AVAILABILITY = YES_AGGRESSIVE;
				CLANG_WARN_UNREACHABLE_CODE = YES;
				CLANG_WARN__DUPLICATE_METHOD_MATCH = YES;
				COPY_PHASE_STRIP = NO;
				DEBUG_INFORMATION_FORMAT = dwarf;
				ENABLE_STRICT_OBJC_MSGSEND = YES;
				ENABLE_TESTABILITY = YES;
				ENABLE_USER_SCRIPT_SANDBOXING = YES;
				GCC_C_LANGUAGE_STANDARD = gnu17;
				GCC_DYNAMIC_NO_PIC = NO;
				GCC_NO_COMMON_BLOCKS = YES;
				GCC_OPTIMIZATION_LEVEL = 0;
				GCC_PREPROCESSOR_DEFINITIONS = (
					"DEBUG=1",
					"$(inherited)",
				);
				GCC_WARN_64_TO_32_BIT_CONVERSION = YES;
				GCC_WARN_ABOUT_RETURN_TYPE = YES_ERROR;
				GCC_WARN_UNDECLARED_SELECTOR = YES;
				GCC_WARN_UNINITIALIZED_AUTOS = YES_AGGRESSIVE;
				GCC_WARN_UNUSED_FUNCTION = YES;
				GCC_WARN_UNUSED_VARIABLE = YES;
				IPHONEOS_DEPLOYMENT_TARGET = 17.2;
				LOCALIZATION_PREFERS_STRING_CATALOGS = YES;
				MTL_ENABLE_DEBUG_INFO = INCLUDE_SOURCE;
				MTL_FAST_MATH = YES;
				ONLY_ACTIVE_ARCH = YES;
				SDKROOT = iphoneos;
				SWIFT_ACTIVE_COMPILATION_CONDITIONS = "DEBUG $(inherited)";
				SWIFT_OPTIMIZATION_LEVEL = "-Onone";
			};
			name = Debug;
		};
		CDC910EB2B90C9CE00CC132A /* Release */ = {
			isa = XCBuildConfiguration;
			buildSettings = {
				ALWAYS_SEARCH_USER_PATHS = NO;
				ASSETCATALOG_COMPILER_GENERATE_SWIFT_ASSET_SYMBOL_EXTENSIONS = YES;
				CLANG_ANALYZER_NONNULL = YES;
				CLANG_ANALYZER_NUMBER_OBJECT_CONVERSION = YES_AGGRESSIVE;
				CLANG_CXX_LANGUAGE_STANDARD = "gnu++20";
				CLANG_ENABLE_MODULES = YES;
				CLANG_ENABLE_OBJC_ARC = YES;
				CLANG_ENABLE_OBJC_WEAK = YES;
				CLANG_WARN_BLOCK_CAPTURE_AUTORELEASING = YES;
				CLANG_WARN_BOOL_CONVERSION = YES;
				CLANG_WARN_COMMA = YES;
				CLANG_WARN_CONSTANT_CONVERSION = YES;
				CLANG_WARN_DEPRECATED_OBJC_IMPLEMENTATIONS = YES;
				CLANG_WARN_DIRECT_OBJC_ISA_USAGE = YES_ERROR;
				CLANG_WARN_DOCUMENTATION_COMMENTS = YES;
				CLANG_WARN_EMPTY_BODY = YES;
				CLANG_WARN_ENUM_CONVERSION = YES;
				CLANG_WARN_INFINITE_RECURSION = YES;
				CLANG_WARN_INT_CONVERSION = YES;
				CLANG_WARN_NON_LITERAL_NULL_CONVERSION = YES;
				CLANG_WARN_OBJC_IMPLICIT_RETAIN_SELF = YES;
				CLANG_WARN_OBJC_LITERAL_CONVERSION = YES;
				CLANG_WARN_OBJC_ROOT_CLASS = YES_ERROR;
				CLANG_WARN_QUOTED_INCLUDE_IN_FRAMEWORK_HEADER = YES;
				CLANG_WARN_RANGE_LOOP_ANALYSIS = YES;
				CLANG_WARN_STRICT_PROTOTYPES = YES;
				CLANG_WARN_SUSPICIOUS_MOVE = YES;
				CLANG_WARN_UNGUARDED_AVAILABILITY = YES_AGGRESSIVE;
				CLANG_WARN_UNREACHABLE_CODE = YES;
				CLANG_WARN__DUPLICATE_METHOD_MATCH = YES;
				COPY_PHASE_STRIP = NO;
				DEBUG_INFORMATION_FORMAT = "dwarf-with-dsym";
				ENABLE_NS_ASSERTIONS = NO;
				ENABLE_STRICT_OBJC_MSGSEND = YES;
				ENABLE_USER_SCRIPT_SANDBOXING = YES;
				GCC_C_LANGUAGE_STANDARD = gnu17;
				GCC_NO_COMMON_BLOCKS = YES;
				GCC_WARN_64_TO_32_BIT_CONVERSION = YES;
				GCC_WARN_ABOUT_RETURN_TYPE = YES_ERROR;
				GCC_WARN_UNDECLARED_SELECTOR = YES;
				GCC_WARN_UNINITIALIZED_AUTOS = YES_AGGRESSIVE;
				GCC_WARN_UNUSED_FUNCTION = YES;
				GCC_WARN_UNUSED_VARIABLE = YES;
				IPHONEOS_DEPLOYMENT_TARGET = 17.2;
				LOCALIZATION_PREFERS_STRING_CATALOGS = YES;
				MTL_ENABLE_DEBUG_INFO = NO;
				MTL_FAST_MATH = YES;
				SDKROOT = iphoneos;
				SWIFT_COMPILATION_MODE = wholemodule;
				VALIDATE_PRODUCT = YES;
			};
			name = Release;
		};
		CDC910ED2B90C9CE00CC132A /* Debug */ = {
			isa = XCBuildConfiguration;
			buildSettings = {
				ASSETCATALOG_COMPILER_APPICON_NAME = AppIcon;
				ASSETCATALOG_COMPILER_GLOBAL_ACCENT_COLOR_NAME = AccentColor;
				CODE_SIGN_STYLE = Automatic;
				CURRENT_PROJECT_VERSION = 1;
				DEVELOPMENT_ASSET_PATHS = "\"SideMenue/Preview Content\"";
				ENABLE_PREVIEWS = YES;
				GENERATE_INFOPLIST_FILE = YES;
				INFOPLIST_KEY_UIApplicationSceneManifest_Generation = YES;
				INFOPLIST_KEY_UIApplicationSupportsIndirectInputEvents = YES;
				INFOPLIST_KEY_UILaunchScreen_Generation = YES;
				INFOPLIST_KEY_UISupportedInterfaceOrientations_iPad = "UIInterfaceOrientationPortrait UIInterfaceOrientationPortraitUpsideDown UIInterfaceOrientationLandscapeLeft UIInterfaceOrientationLandscapeRight";
				INFOPLIST_KEY_UISupportedInterfaceOrientations_iPhone = "UIInterfaceOrientationPortrait UIInterfaceOrientationLandscapeLeft UIInterfaceOrientationLandscapeRight";
				LD_RUNPATH_SEARCH_PATHS = (
					"$(inherited)",
					"@executable_path/Frameworks",
				);
				MARKETING_VERSION = 1.0;
				PRODUCT_BUNDLE_IDENTIFIER = com.iosDevMo.SideMenue;
				PRODUCT_NAME = "$(TARGET_NAME)";
				SWIFT_EMIT_LOC_STRINGS = YES;
				SWIFT_VERSION = 5.0;
				TARGETED_DEVICE_FAMILY = "1,2";
			};
			name = Debug;
		};
		CDC910EE2B90C9CE00CC132A /* Release */ = {
			isa = XCBuildConfiguration;
			buildSettings = {
				ASSETCATALOG_COMPILER_APPICON_NAME = AppIcon;
				ASSETCATALOG_COMPILER_GLOBAL_ACCENT_COLOR_NAME = AccentColor;
				CODE_SIGN_STYLE = Automatic;
				CURRENT_PROJECT_VERSION = 1;
				DEVELOPMENT_ASSET_PATHS = "\"SideMenue/Preview Content\"";
				ENABLE_PREVIEWS = YES;
				GENERATE_INFOPLIST_FILE = YES;
				INFOPLIST_KEY_UIApplicationSceneManifest_Generation = YES;
				INFOPLIST_KEY_UIApplicationSupportsIndirectInputEvents = YES;
				INFOPLIST_KEY_UILaunchScreen_Generation = YES;
				INFOPLIST_KEY_UISupportedInterfaceOrientations_iPad = "UIInterfaceOrientationPortrait UIInterfaceOrientationPortraitUpsideDown UIInterfaceOrientationLandscapeLeft UIInterfaceOrientationLandscapeRight";
				INFOPLIST_KEY_UISupportedInterfaceOrientations_iPhone = "UIInterfaceOrientationPortrait UIInterfaceOrientationLandscapeLeft UIInterfaceOrientationLandscapeRight";
				LD_RUNPATH_SEARCH_PATHS = (
					"$(inherited)",
					"@executable_path/Frameworks",
				);
				MARKETING_VERSION = 1.0;
				PRODUCT_BUNDLE_IDENTIFIER = com.iosDevMo.SideMenue;
				PRODUCT_NAME = "$(TARGET_NAME)";
				SWIFT_EMIT_LOC_STRINGS = YES;
				SWIFT_VERSION = 5.0;
				TARGETED_DEVICE_FAMILY = "1,2";
			};
			name = Release;
		};
/* End XCBuildConfiguration section */

/* Begin XCConfigurationList section */
		CDC910D92B90C9CC00CC132A /* Build configuration list for PBXProject "SideMenue" */ = {
			isa = XCConfigurationList;
			buildConfigurations = (
				CDC910EA2B90C9CE00CC132A /* Debug */,
				CDC910EB2B90C9CE00CC132A /* Release */,
			);
			defaultConfigurationIsVisible = 0;
			defaultConfigurationName = Release;
		};
		CDC910EC2B90C9CE00CC132A /* Build configuration list for PBXNativeTarget "SideMenue" */ = {
			isa = XCConfigurationList;
			buildConfigurations = (
				CDC910ED2B90C9CE00CC132A /* Debug */,
				CDC910EE2B90C9CE00CC132A /* Release */,
			);
			defaultConfigurationIsVisible = 0;
			defaultConfigurationName = Release;
		};
/* End XCConfigurationList section */
	};
	rootObject = CDC910D62B90C9CC00CC132A /* Project object */;
}
